// !$*UTF8*$!
{
	archiveVersion = 1;
	classes = {
	};
	objectVersion = 50;
	objects = {

/* Begin PBXBuildFile section */
		789FAEEE236AD8B3004B883E /* Main.storyboard in Resources */ = {isa = PBXBuildFile; fileRef = 78EA3486236ABE7600798B3B /* Main.storyboard */; };
		78B6243B236DA32D0012AF0E /* SetDeckView.swift in Sources */ = {isa = PBXBuildFile; fileRef = 78B6243A236DA32D0012AF0E /* SetDeckView.swift */; };
		78EA344A236AB87200798B3B /* AppDelegate.swift in Sources */ = {isa = PBXBuildFile; fileRef = 78EA3449236AB87200798B3B /* AppDelegate.swift */; };
		78EA3453236AB87600798B3B /* Assets.xcassets in Resources */ = {isa = PBXBuildFile; fileRef = 78EA3452236AB87600798B3B /* Assets.xcassets */; };
		78EA3456236AB87600798B3B /* LaunchScreen.storyboard in Resources */ = {isa = PBXBuildFile; fileRef = 78EA3454236AB87600798B3B /* LaunchScreen.storyboard */; };
		78EA346C236AB90500798B3B /* CardBehavior.swift in Sources */ = {isa = PBXBuildFile; fileRef = 78EA346A236AB90500798B3B /* CardBehavior.swift */; };
		78EA3471236AB90D00798B3B /* SetCard.swift in Sources */ = {isa = PBXBuildFile; fileRef = 78EA346D236AB90C00798B3B /* SetCard.swift */; };
		78EA3472236AB90D00798B3B /* SetGame.swift in Sources */ = {isa = PBXBuildFile; fileRef = 78EA346E236AB90D00798B3B /* SetGame.swift */; };
		78EA3473236AB90D00798B3B /* ConcentrationCard.swift in Sources */ = {isa = PBXBuildFile; fileRef = 78EA346F236AB90D00798B3B /* ConcentrationCard.swift */; };
		78EA3474236AB90D00798B3B /* Concentration.swift in Sources */ = {isa = PBXBuildFile; fileRef = 78EA3470236AB90D00798B3B /* Concentration.swift */; };
		78EA3478236AB91500798B3B /* Grid.swift in Sources */ = {isa = PBXBuildFile; fileRef = 78EA3475236AB91400798B3B /* Grid.swift */; };
		78EA3479236AB91500798B3B /* SetCardView.swift in Sources */ = {isa = PBXBuildFile; fileRef = 78EA3476236AB91500798B3B /* SetCardView.swift */; };
		78EA347F236AB91F00798B3B /* SetGameViewController.swift in Sources */ = {isa = PBXBuildFile; fileRef = 78EA347B236AB91F00798B3B /* SetGameViewController.swift */; };
		78EA3481236AB91F00798B3B /* ConcentrationViewController.swift in Sources */ = {isa = PBXBuildFile; fileRef = 78EA347D236AB91F00798B3B /* ConcentrationViewController.swift */; };
		78EA3485236AB94C00798B3B /* Extensions.swift in Sources */ = {isa = PBXBuildFile; fileRef = 78EA3484236AB94B00798B3B /* Extensions.swift */; };
/* End PBXBuildFile section */

/* Begin PBXFileReference section */
		78B6243A236DA32D0012AF0E /* SetDeckView.swift */ = {isa = PBXFileReference; lastKnownFileType = sourcecode.swift; path = SetDeckView.swift; sourceTree = "<group>"; };
		78EA3446236AB87200798B3B /* Set.app */ = {isa = PBXFileReference; explicitFileType = wrapper.application; includeInIndex = 0; path = Set.app; sourceTree = BUILT_PRODUCTS_DIR; };
		78EA3449236AB87200798B3B /* AppDelegate.swift */ = {isa = PBXFileReference; lastKnownFileType = sourcecode.swift; path = AppDelegate.swift; sourceTree = "<group>"; };
		78EA3452236AB87600798B3B /* Assets.xcassets */ = {isa = PBXFileReference; lastKnownFileType = folder.assetcatalog; path = Assets.xcassets; sourceTree = "<group>"; };
		78EA3455236AB87600798B3B /* Base */ = {isa = PBXFileReference; lastKnownFileType = file.storyboard; name = Base; path = Base.lproj/LaunchScreen.storyboard; sourceTree = "<group>"; };
		78EA3457236AB87600798B3B /* Info.plist */ = {isa = PBXFileReference; lastKnownFileType = text.plist.xml; path = Info.plist; sourceTree = "<group>"; };
		78EA346A236AB90500798B3B /* CardBehavior.swift */ = {isa = PBXFileReference; fileEncoding = 4; lastKnownFileType = sourcecode.swift; path = CardBehavior.swift; sourceTree = "<group>"; };
		78EA346D236AB90C00798B3B /* SetCard.swift */ = {isa = PBXFileReference; fileEncoding = 4; lastKnownFileType = sourcecode.swift; path = SetCard.swift; sourceTree = "<group>"; };
		78EA346E236AB90D00798B3B /* SetGame.swift */ = {isa = PBXFileReference; fileEncoding = 4; lastKnownFileType = sourcecode.swift; path = SetGame.swift; sourceTree = "<group>"; };
		78EA346F236AB90D00798B3B /* ConcentrationCard.swift */ = {isa = PBXFileReference; fileEncoding = 4; lastKnownFileType = sourcecode.swift; path = ConcentrationCard.swift; sourceTree = "<group>"; };
		78EA3470236AB90D00798B3B /* Concentration.swift */ = {isa = PBXFileReference; fileEncoding = 4; lastKnownFileType = sourcecode.swift; path = Concentration.swift; sourceTree = "<group>"; };
		78EA3475236AB91400798B3B /* Grid.swift */ = {isa = PBXFileReference; fileEncoding = 4; lastKnownFileType = sourcecode.swift; path = Grid.swift; sourceTree = "<group>"; };
		78EA3476236AB91500798B3B /* SetCardView.swift */ = {isa = PBXFileReference; fileEncoding = 4; lastKnownFileType = sourcecode.swift; path = SetCardView.swift; sourceTree = "<group>"; };
		78EA347B236AB91F00798B3B /* SetGameViewController.swift */ = {isa = PBXFileReference; fileEncoding = 4; lastKnownFileType = sourcecode.swift; path = SetGameViewController.swift; sourceTree = "<group>"; };
		78EA347D236AB91F00798B3B /* ConcentrationViewController.swift */ = {isa = PBXFileReference; fileEncoding = 4; lastKnownFileType = sourcecode.swift; path = ConcentrationViewController.swift; sourceTree = "<group>"; };
		78EA3484236AB94B00798B3B /* Extensions.swift */ = {isa = PBXFileReference; fileEncoding = 4; lastKnownFileType = sourcecode.swift; path = Extensions.swift; sourceTree = "<group>"; };
		78EA3486236ABE7600798B3B /* Main.storyboard */ = {isa = PBXFileReference; fileEncoding = 4; lastKnownFileType = file.storyboard; path = Main.storyboard; sourceTree = "<group>"; };
/* End PBXFileReference section */

/* Begin PBXFrameworksBuildPhase section */
		78EA3443236AB87200798B3B /* Frameworks */ = {
			isa = PBXFrameworksBuildPhase;
			buildActionMask = 2147483647;
			files = (
			);
			runOnlyForDeploymentPostprocessing = 0;
		};
/* End PBXFrameworksBuildPhase section */

/* Begin PBXGroup section */
		78EA343D236AB87200798B3B = {
			isa = PBXGroup;
			children = (
				78EA3448236AB87200798B3B /* Set */,
				78EA3447236AB87200798B3B /* Products */,
			);
			sourceTree = "<group>";
		};
		78EA3447236AB87200798B3B /* Products */ = {
			isa = PBXGroup;
			children = (
				78EA3446236AB87200798B3B /* Set.app */,
			);
			name = Products;
			sourceTree = "<group>";
		};
		78EA3448236AB87200798B3B /* Set */ = {
			isa = PBXGroup;
			children = (
				78EA3486236ABE7600798B3B /* Main.storyboard */,
				78EA3466236AB8E900798B3B /* Animation */,
				78EA3467236AB8F000798B3B /* Model */,
				78EA3465236AB8D800798B3B /* Views */,
				78EA3468236AB8F400798B3B /* Controllers */,
				78EA3483236AB92200798B3B /* Misc files */,
			);
			path = Set;
			sourceTree = "<group>";
		};
		78EA3465236AB8D800798B3B /* Views */ = {
			isa = PBXGroup;
			children = (
				78EA3475236AB91400798B3B /* Grid.swift */,
				78EA3476236AB91500798B3B /* SetCardView.swift */,
				78B6243A236DA32D0012AF0E /* SetDeckView.swift */,
			);
			path = Views;
			sourceTree = "<group>";
		};
		78EA3466236AB8E900798B3B /* Animation */ = {
			isa = PBXGroup;
			children = (
				78EA346A236AB90500798B3B /* CardBehavior.swift */,
			);
			path = Animation;
			sourceTree = "<group>";
		};
		78EA3467236AB8F000798B3B /* Model */ = {
			isa = PBXGroup;
			children = (
				78EA3470236AB90D00798B3B /* Concentration.swift */,
				78EA346F236AB90D00798B3B /* ConcentrationCard.swift */,
				78EA346D236AB90C00798B3B /* SetCard.swift */,
				78EA346E236AB90D00798B3B /* SetGame.swift */,
			);
			path = Model;
			sourceTree = "<group>";
		};
		78EA3468236AB8F400798B3B /* Controllers */ = {
			isa = PBXGroup;
			children = (
				78EA347D236AB91F00798B3B /* ConcentrationViewController.swift */,
				78EA347B236AB91F00798B3B /* SetGameViewController.swift */,
			);
			path = Controllers;
			sourceTree = "<group>";
		};
		78EA3483236AB92200798B3B /* Misc files */ = {
			isa = PBXGroup;
			children = (
				78EA3457236AB87600798B3B /* Info.plist */,
				78EA3449236AB87200798B3B /* AppDelegate.swift */,
				78EA3452236AB87600798B3B /* Assets.xcassets */,
				78EA3484236AB94B00798B3B /* Extensions.swift */,
				78EA3454236AB87600798B3B /* LaunchScreen.storyboard */,
			);
			path = "Misc files";
			sourceTree = "<group>";
		};
/* End PBXGroup section */

/* Begin PBXNativeTarget section */
		78EA3445236AB87200798B3B /* Set */ = {
			isa = PBXNativeTarget;
			buildConfigurationList = 78EA345A236AB87600798B3B /* Build configuration list for PBXNativeTarget "Set" */;
			buildPhases = (
				78EA3442236AB87200798B3B /* Sources */,
				78EA3443236AB87200798B3B /* Frameworks */,
				78EA3444236AB87200798B3B /* Resources */,
			);
			buildRules = (
			);
			dependencies = (
			);
			name = Set;
			productName = Set;
			productReference = 78EA3446236AB87200798B3B /* Set.app */;
			productType = "com.apple.product-type.application";
		};
/* End PBXNativeTarget section */

/* Begin PBXProject section */
		78EA343E236AB87200798B3B /* Project object */ = {
			isa = PBXProject;
			attributes = {
				LastSwiftUpdateCheck = 1100;
				LastUpgradeCheck = 1100;
				ORGANIZATIONNAME = VL;
				TargetAttributes = {
					78EA3445236AB87200798B3B = {
						CreatedOnToolsVersion = 11.0;
					};
				};
			};
			buildConfigurationList = 78EA3441236AB87200798B3B /* Build configuration list for PBXProject "Set" */;
			compatibilityVersion = "Xcode 9.3";
			developmentRegion = en;
			hasScannedForEncodings = 0;
			knownRegions = (
				en,
				Base,
			);
			mainGroup = 78EA343D236AB87200798B3B;
			productRefGroup = 78EA3447236AB87200798B3B /* Products */;
			projectDirPath = "";
			projectRoot = "";
			targets = (
				78EA3445236AB87200798B3B /* Set */,
			);
		};
/* End PBXProject section */

/* Begin PBXResourcesBuildPhase section */
		78EA3444236AB87200798B3B /* Resources */ = {
			isa = PBXResourcesBuildPhase;
			buildActionMask = 2147483647;
			files = (
				789FAEEE236AD8B3004B883E /* Main.storyboard in Resources */,
				78EA3456236AB87600798B3B /* LaunchScreen.storyboard in Resources */,
				78EA3453236AB87600798B3B /* Assets.xcassets in Resources */,
			);
			runOnlyForDeploymentPostprocessing = 0;
		};
/* End PBXResourcesBuildPhase section */

/* Begin PBXSourcesBuildPhase section */
		78EA3442236AB87200798B3B /* Sources */ = {
			isa = PBXSourcesBuildPhase;
			buildActionMask = 2147483647;
			files = (
				78EA344A236AB87200798B3B /* AppDelegate.swift in Sources */,
				78EA3474236AB90D00798B3B /* Concentration.swift in Sources */,
				78EA3481236AB91F00798B3B /* ConcentrationViewController.swift in Sources */,
				78EA3478236AB91500798B3B /* Grid.swift in Sources */,
				78EA3479236AB91500798B3B /* SetCardView.swift in Sources */,
				78EA3472236AB90D00798B3B /* SetGame.swift in Sources */,
				78EA347F236AB91F00798B3B /* SetGameViewController.swift in Sources */,
				78EA3473236AB90D00798B3B /* ConcentrationCard.swift in Sources */,
				78EA3485236AB94C00798B3B /* Extensions.swift in Sources */,
				78B6243B236DA32D0012AF0E /* SetDeckView.swift in Sources */,
				78EA3471236AB90D00798B3B /* SetCard.swift in Sources */,
				78EA346C236AB90500798B3B /* CardBehavior.swift in Sources */,
			);
			runOnlyForDeploymentPostprocessing = 0;
		};
/* End PBXSourcesBuildPhase section */

/* Begin PBXVariantGroup section */
		78EA3454236AB87600798B3B /* LaunchScreen.storyboard */ = {
			isa = PBXVariantGroup;
			children = (
				78EA3455236AB87600798B3B /* Base */,
			);
			name = LaunchScreen.storyboard;
			sourceTree = "<group>";
		};
/* End PBXVariantGroup section */

/* Begin XCBuildConfiguration section */
		78EA3458236AB87600798B3B /* Debug */ = {
			isa = XCBuildConfiguration;
			buildSettings = {
				ALWAYS_SEARCH_USER_PATHS = NO;
				CLANG_ANALYZER_NONNULL = YES;
				CLANG_ANALYZER_NUMBER_OBJECT_CONVERSION = YES_AGGRESSIVE;
				CLANG_CXX_LANGUAGE_STANDARD = "gnu++14";
				CLANG_CXX_LIBRARY = "libc++";
				CLANG_ENABLE_MODULES = YES;
				CLANG_ENABLE_OBJC_ARC = YES;
				CLANG_ENABLE_OBJC_WEAK = YES;
				CLANG_WARN_BLOCK_CAPTURE_AUTORELEASING = YES;
				CLANG_WARN_BOOL_CONVERSION = YES;
				CLANG_WARN_COMMA = YES;
				CLANG_WARN_CONSTANT_CONVERSION = YES;
				CLANG_WARN_DEPRECATED_OBJC_IMPLEMENTATIONS = YES;
				CLANG_WARN_DIRECT_OBJC_ISA_USAGE = YES_ERROR;
				CLANG_WARN_DOCUMENTATION_COMMENTS = YES;
				CLANG_WARN_EMPTY_BODY = YES;
				CLANG_WARN_ENUM_CONVERSION = YES;
				CLANG_WARN_INFINITE_RECURSION = YES;
				CLANG_WARN_INT_CONVERSION = YES;
				CLANG_WARN_NON_LITERAL_NULL_CONVERSION = YES;
				CLANG_WARN_OBJC_IMPLICIT_RETAIN_SELF = YES;
				CLANG_WARN_OBJC_LITERAL_CONVERSION = YES;
				CLANG_WARN_OBJC_ROOT_CLASS = YES_ERROR;
				CLANG_WARN_RANGE_LOOP_ANALYSIS = YES;
				CLANG_WARN_STRICT_PROTOTYPES = YES;
				CLANG_WARN_SUSPICIOUS_MOVE = YES;
				CLANG_WARN_UNGUARDED_AVAILABILITY = YES_AGGRESSIVE;
				CLANG_WARN_UNREACHABLE_CODE = YES;
				CLANG_WARN__DUPLICATE_METHOD_MATCH = YES;
				COPY_PHASE_STRIP = NO;
				DEBUG_INFORMATION_FORMAT = dwarf;
				ENABLE_STRICT_OBJC_MSGSEND = YES;
				ENABLE_TESTABILITY = YES;
				GCC_C_LANGUAGE_STANDARD = gnu11;
				GCC_DYNAMIC_NO_PIC = NO;
				GCC_NO_COMMON_BLOCKS = YES;
				GCC_OPTIMIZATION_LEVEL = 0;
				GCC_PREPROCESSOR_DEFINITIONS = (
					"DEBUG=1",
					"$(inherited)",
				);
				GCC_WARN_64_TO_32_BIT_CONVERSION = YES;
				GCC_WARN_ABOUT_RETURN_TYPE = YES_ERROR;
				GCC_WARN_UNDECLARED_SELECTOR = YES;
				GCC_WARN_UNINITIALIZED_AUTOS = YES_AGGRESSIVE;
				GCC_WARN_UNUSED_FUNCTION = YES;
				GCC_WARN_UNUSED_VARIABLE = YES;
				IPHONEOS_DEPLOYMENT_TARGET = 13.0;
				MTL_ENABLE_DEBUG_INFO = INCLUDE_SOURCE;
				MTL_FAST_MATH = YES;
				ONLY_ACTIVE_ARCH = YES;
				SDKROOT = iphoneos;
				SWIFT_ACTIVE_COMPILATION_CONDITIONS = DEBUG;
				SWIFT_OPTIMIZATION_LEVEL = "-Onone";
			};
			name = Debug;
		};
		78EA3459236AB87600798B3B /* Release */ = {
			isa = XCBuildConfiguration;
			buildSettings = {
				ALWAYS_SEARCH_USER_PATHS = NO;
				CLANG_ANALYZER_NONNULL = YES;
				CLANG_ANALYZER_NUMBER_OBJECT_CONVERSION = YES_AGGRESSIVE;
				CLANG_CXX_LANGUAGE_STANDARD = "gnu++14";
				CLANG_CXX_LIBRARY = "libc++";
				CLANG_ENABLE_MODULES = YES;
				CLANG_ENABLE_OBJC_ARC = YES;
				CLANG_ENABLE_OBJC_WEAK = YES;
				CLANG_WARN_BLOCK_CAPTURE_AUTORELEASING = YES;
				CLANG_WARN_BOOL_CONVERSION = YES;
				CLANG_WARN_COMMA = YES;
				CLANG_WARN_CONSTANT_CONVERSION = YES;
				CLANG_WARN_DEPRECATED_OBJC_IMPLEMENTATIONS = YES;
				CLANG_WARN_DIRECT_OBJC_ISA_USAGE = YES_ERROR;
				CLANG_WARN_DOCUMENTATION_COMMENTS = YES;
				CLANG_WARN_EMPTY_BODY = YES;
				CLANG_WARN_ENUM_CONVERSION = YES;
				CLANG_WARN_INFINITE_RECURSION = YES;
				CLANG_WARN_INT_CONVERSION = YES;
				CLANG_WARN_NON_LITERAL_NULL_CONVERSION = YES;
				CLANG_WARN_OBJC_IMPLICIT_RETAIN_SELF = YES;
				CLANG_WARN_OBJC_LITERAL_CONVERSION = YES;
				CLANG_WARN_OBJC_ROOT_CLASS = YES_ERROR;
				CLANG_WARN_RANGE_LOOP_ANALYSIS = YES;
				CLANG_WARN_STRICT_PROTOTYPES = YES;
				CLANG_WARN_SUSPICIOUS_MOVE = YES;
				CLANG_WARN_UNGUARDED_AVAILABILITY = YES_AGGRESSIVE;
				CLANG_WARN_UNREACHABLE_CODE = YES;
				CLANG_WARN__DUPLICATE_METHOD_MATCH = YES;
				COPY_PHASE_STRIP = NO;
				DEBUG_INFORMATION_FORMAT = "dwarf-with-dsym";
				ENABLE_NS_ASSERTIONS = NO;
				ENABLE_STRICT_OBJC_MSGSEND = YES;
				GCC_C_LANGUAGE_STANDARD = gnu11;
				GCC_NO_COMMON_BLOCKS = YES;
				GCC_WARN_64_TO_32_BIT_CONVERSION = YES;
				GCC_WARN_ABOUT_RETURN_TYPE = YES_ERROR;
				GCC_WARN_UNDECLARED_SELECTOR = YES;
				GCC_WARN_UNINITIALIZED_AUTOS = YES_AGGRESSIVE;
				GCC_WARN_UNUSED_FUNCTION = YES;
				GCC_WARN_UNUSED_VARIABLE = YES;
				IPHONEOS_DEPLOYMENT_TARGET = 13.0;
				MTL_ENABLE_DEBUG_INFO = NO;
				MTL_FAST_MATH = YES;
				SDKROOT = iphoneos;
				SWIFT_COMPILATION_MODE = wholemodule;
				SWIFT_OPTIMIZATION_LEVEL = "-O";
				VALIDATE_PRODUCT = YES;
			};
			name = Release;
		};
		78EA345B236AB87600798B3B /* Debug */ = {
			isa = XCBuildConfiguration;
			buildSettings = {
				ASSETCATALOG_COMPILER_APPICON_NAME = AppIcon;
				CODE_SIGN_STYLE = Automatic;
				DEVELOPMENT_TEAM = 36UX7SKY3J;
				INFOPLIST_FILE = "Set/Misc files/Info.plist";
				IPHONEOS_DEPLOYMENT_TARGET = 11.0;
				LD_RUNPATH_SEARCH_PATHS = (
					"$(inherited)",
					"@executable_path/Frameworks",
				);
				PRODUCT_BUNDLE_IDENTIFIER = com.vl.cs193p.ass4.animatedset.Set;
				PRODUCT_NAME = "$(TARGET_NAME)";
				SWIFT_VERSION = 5.0;
				TARGETED_DEVICE_FAMILY = "1,2";
			};
			name = Debug;
		};
		78EA345C236AB87600798B3B /* Release */ = {
			isa = XCBuildConfiguration;
			buildSettings = {
				ASSETCATALOG_COMPILER_APPICON_NAME = AppIcon;
				CODE_SIGN_STYLE = Automatic;
				DEVELOPMENT_TEAM = 36UX7SKY3J;
				INFOPLIST_FILE = "Set/Misc files/Info.plist";
				IPHONEOS_DEPLOYMENT_TARGET = 11.0;
				LD_RUNPATH_SEARCH_PATHS = (
					"$(inherited)",
					"@executable_path/Frameworks",
				);
				PRODUCT_BUNDLE_IDENTIFIER = com.vl.cs193p.ass4.animatedset.Set;
				PRODUCT_NAME = "$(TARGET_NAME)";
				SWIFT_VERSION = 5.0;
				TARGETED_DEVICE_FAMILY = "1,2";
			};
			name = Release;
		};
/* End XCBuildConfiguration section */

/* Begin XCConfigurationList section */
		78EA3441236AB87200798B3B /* Build configuration list for PBXProject "Set" */ = {
			isa = XCConfigurationList;
			buildConfigurations = (
				78EA3458236AB87600798B3B /* Debug */,
				78EA3459236AB87600798B3B /* Release */,
			);
			defaultConfigurationIsVisible = 0;
			defaultConfigurationName = Release;
		};
		78EA345A236AB87600798B3B /* Build configuration list for PBXNativeTarget "Set" */ = {
			isa = XCConfigurationList;
			buildConfigurations = (
				78EA345B236AB87600798B3B /* Debug */,
				78EA345C236AB87600798B3B /* Release */,
			);
			defaultConfigurationIsVisible = 0;
			defaultConfigurationName = Release;
		};
/* End XCConfigurationList section */
	};
	rootObject = 78EA343E236AB87200798B3B /* Project object */;
}
